
Microsoft Visual Studio Solution File, Format Version 12.00
# Visual Studio Version 16
VisualStudioVersion = 16.0.31624.102
MinimumVisualStudioVersion = 10.0.40219.1
Project("{2150E333-8FDC-42A3-9474-1A3956D46DE8}") = "Solution Items", "Solution Items", "{646C2C46-771A-472A-942B-C1093FF9D3E6}"
EndProject
Project("{9A19103F-16F7-4668-BE54-9A1E7A4F7556}") = "CNRenewalPortal", "CNRenewalPortal\CNRenewalPortal.csproj", "{19854B65-3CCA-480F-979D-4D37C05F1DC4}"
EndProject
Project("{9A19103F-16F7-4668-BE54-9A1E7A4F7556}") = "ProjectCore", "ProjectCore\ProjectCore.csproj", "{1F292BA8-7A14-475F-8491-A44026FA7EC9}"
EndProject
Project("{9A19103F-16F7-4668-BE54-9A1E7A4F7556}") = "ANCarClassic", "ANCarClassic\ANCarClassic.csproj", "{1F292BA8-7A14-475F-8491-A44026FA7EC8}"
EndProject
Project("{9A19103F-16F7-4668-BE54-9A1E7A4F7556}") = "CNBike", "CNBike\CNBike.csproj", "{1F292BA8-7A14-475F-8491-A44026FA7EC3}"
EndProject
Project("{9A19103F-16F7-4668-BE54-9A1E7A4F7556}") = "CNSelectedBike", "CNSelectedBike\CNSelectedBike.csproj", "{1F292BA8-7A14-475F-8491-A44026FA7EC4}"
EndProject
Project("{9A19103F-16F7-4668-BE54-9A1E7A4F7556}") = "ScenicMotorhome", "ScenicMotorhome\ScenicMotorhome.csproj", "{F4343398-A59F-46F2-8675-7275966EA8D1}"
EndProject
Project("{9A19103F-16F7-4668-BE54-9A1E7A4F7556}") = "AtlantaApi", "AtlantaApi\AtlantaApi.csproj", "{16C51D63-9943-4F7B-8DC7-EEEBAD84918B}"
EndProject
Project("{9A19103F-16F7-4668-BE54-9A1E7A4F7556}") = "BeWiser", "BeWiser\BeWiser.csproj", "{7671E1F3-7B5E-40EF-9698-D53C69F30497}"
EndProject
Project("{9A19103F-16F7-4668-BE54-9A1E7A4F7556}") = "SafeGuardMH", "SafeGuardMH\SafeGuardMH.csproj", "{EA969372-4C31-4F70-A228-3579BACD9324}"
EndProject
Project("{9A19103F-16F7-4668-BE54-9A1E7A4F7556}") = "CMBI", "CMBI\CMBI.csproj", "{5F2A3AEB-6D8B-4EE7-ABBD-BB6BE59070BF}"
EndProject
Project("{9A19103F-16F7-4668-BE54-9A1E7A4F7556}") = "AutonetVan", "AutonetVan\AutonetVan.csproj", "{56411A72-FD96-4EF3-905D-A5D5F63EA75C}"
EndProject
Global
	GlobalSection(SolutionConfigurationPlatforms) = preSolution
		Debug|Any CPU = Debug|Any CPU
		Development|Any CPU = Development|Any CPU
		QA|Any CPU = QA|Any CPU
		Release|Any CPU = Release|Any CPU
		STG|Any CPU = STG|Any CPU
	EndGlobalSection
	GlobalSection(ProjectConfigurationPlatforms) = postSolution
		{19854B65-3CCA-480F-979D-4D37C05F1DC4}.Debug|Any CPU.ActiveCfg = Debug|Any CPU
		{19854B65-3CCA-480F-979D-4D37C05F1DC4}.Debug|Any CPU.Build.0 = Debug|Any CPU
		{19854B65-3CCA-480F-979D-4D37C05F1DC4}.Development|Any CPU.ActiveCfg = Debug|Any CPU
		{19854B65-3CCA-480F-979D-4D37C05F1DC4}.Development|Any CPU.Build.0 = Debug|Any CPU
		{19854B65-3CCA-480F-979D-4D37C05F1DC4}.QA|Any CPU.ActiveCfg = Debug|Any CPU
		{19854B65-3CCA-480F-979D-4D37C05F1DC4}.QA|Any CPU.Build.0 = Debug|Any CPU
		{19854B65-3CCA-480F-979D-4D37C05F1DC4}.Release|Any CPU.ActiveCfg = Release|Any CPU
		{19854B65-3CCA-480F-979D-4D37C05F1DC4}.Release|Any CPU.Build.0 = Release|Any CPU
		{19854B65-3CCA-480F-979D-4D37C05F1DC4}.STG|Any CPU.ActiveCfg = Debug|Any CPU
		{19854B65-3CCA-480F-979D-4D37C05F1DC4}.STG|Any CPU.Build.0 = Debug|Any CPU
		{1F292BA8-7A14-475F-8491-A44026FA7EC9}.Debug|Any CPU.ActiveCfg = Debug|Any CPU
		{1F292BA8-7A14-475F-8491-A44026FA7EC9}.Debug|Any CPU.Build.0 = Debug|Any CPU
		{1F292BA8-7A14-475F-8491-A44026FA7EC9}.Development|Any CPU.ActiveCfg = Debug|Any CPU
		{1F292BA8-7A14-475F-8491-A44026FA7EC9}.Development|Any CPU.Build.0 = Debug|Any CPU
		{1F292BA8-7A14-475F-8491-A44026FA7EC9}.QA|Any CPU.ActiveCfg = Debug|Any CPU
		{1F292BA8-7A14-475F-8491-A44026FA7EC9}.QA|Any CPU.Build.0 = Debug|Any CPU
		{1F292BA8-7A14-475F-8491-A44026FA7EC9}.Release|Any CPU.ActiveCfg = Release|Any CPU
		{1F292BA8-7A14-475F-8491-A44026FA7EC9}.Release|Any CPU.Build.0 = Release|Any CPU
		{1F292BA8-7A14-475F-8491-A44026FA7EC9}.STG|Any CPU.ActiveCfg = Debug|Any CPU
		{1F292BA8-7A14-475F-8491-A44026FA7EC9}.STG|Any CPU.Build.0 = Debug|Any CPU
		{1F292BA8-7A14-475F-8491-A44026FA7EC8}.Debug|Any CPU.ActiveCfg = Debug|Any CPU
		{1F292BA8-7A14-475F-8491-A44026FA7EC8}.Debug|Any CPU.Build.0 = Debug|Any CPU
		{1F292BA8-7A14-475F-8491-A44026FA7EC8}.Development|Any CPU.ActiveCfg = Debug|Any CPU
		{1F292BA8-7A14-475F-8491-A44026FA7EC8}.Development|Any CPU.Build.0 = Debug|Any CPU
		{1F292BA8-7A14-475F-8491-A44026FA7EC8}.QA|Any CPU.ActiveCfg = Debug|Any CPU
		{1F292BA8-7A14-475F-8491-A44026FA7EC8}.QA|Any CPU.Build.0 = Debug|Any CPU
		{1F292BA8-7A14-475F-8491-A44026FA7EC8}.Release|Any CPU.ActiveCfg = Release|Any CPU
		{1F292BA8-7A14-475F-8491-A44026FA7EC8}.Release|Any CPU.Build.0 = Release|Any CPU
		{1F292BA8-7A14-475F-8491-A44026FA7EC8}.STG|Any CPU.ActiveCfg = Debug|Any CPU
		{1F292BA8-7A14-475F-8491-A44026FA7EC8}.STG|Any CPU.Build.0 = Debug|Any CPU
		{1F292BA8-7A14-475F-8491-A44026FA7EC3}.Debug|Any CPU.ActiveCfg = Debug|Any CPU
		{1F292BA8-7A14-475F-8491-A44026FA7EC3}.Debug|Any CPU.Build.0 = Debug|Any CPU
		{1F292BA8-7A14-475F-8491-A44026FA7EC3}.Development|Any CPU.ActiveCfg = Development|Any CPU
		{1F292BA8-7A14-475F-8491-A44026FA7EC3}.Development|Any CPU.Build.0 = Development|Any CPU
		{1F292BA8-7A14-475F-8491-A44026FA7EC3}.QA|Any CPU.ActiveCfg = QA|Any CPU
		{1F292BA8-7A14-475F-8491-A44026FA7EC3}.QA|Any CPU.Build.0 = QA|Any CPU
		{1F292BA8-7A14-475F-8491-A44026FA7EC3}.Release|Any CPU.ActiveCfg = Release|Any CPU
		{1F292BA8-7A14-475F-8491-A44026FA7EC3}.Release|Any CPU.Build.0 = Release|Any CPU
		{1F292BA8-7A14-475F-8491-A44026FA7EC3}.STG|Any CPU.ActiveCfg = Debug|Any CPU
		{1F292BA8-7A14-475F-8491-A44026FA7EC3}.STG|Any CPU.Build.0 = Debug|Any CPU
		{1F292BA8-7A14-475F-8491-A44026FA7EC4}.Debug|Any CPU.ActiveCfg = Debug|Any CPU
		{1F292BA8-7A14-475F-8491-A44026FA7EC4}.Debug|Any CPU.Build.0 = Debug|Any CPU
		{1F292BA8-7A14-475F-8491-A44026FA7EC4}.Development|Any CPU.ActiveCfg = Debug|Any CPU
		{1F292BA8-7A14-475F-8491-A44026FA7EC4}.Development|Any CPU.Build.0 = Debug|Any CPU
		{1F292BA8-7A14-475F-8491-A44026FA7EC4}.QA|Any CPU.ActiveCfg = Debug|Any CPU
		{1F292BA8-7A14-475F-8491-A44026FA7EC4}.QA|Any CPU.Build.0 = Debug|Any CPU
		{1F292BA8-7A14-475F-8491-A44026FA7EC4}.Release|Any CPU.ActiveCfg = Release|Any CPU
		{1F292BA8-7A14-475F-8491-A44026FA7EC4}.Release|Any CPU.Build.0 = Release|Any CPU
		{1F292BA8-7A14-475F-8491-A44026FA7EC4}.STG|Any CPU.ActiveCfg = Debug|Any CPU
		{1F292BA8-7A14-475F-8491-A44026FA7EC4}.STG|Any CPU.Build.0 = Debug|Any CPU
		{F4343398-A59F-46F2-8675-7275966EA8D1}.Debug|Any CPU.ActiveCfg = Debug|Any CPU
		{F4343398-A59F-46F2-8675-7275966EA8D1}.Debug|Any CPU.Build.0 = Debug|Any CPU
		{F4343398-A59F-46F2-8675-7275966EA8D1}.Development|Any CPU.ActiveCfg = Debug|Any CPU
		{F4343398-A59F-46F2-8675-7275966EA8D1}.Development|Any CPU.Build.0 = Debug|Any CPU
		{F4343398-A59F-46F2-8675-7275966EA8D1}.QA|Any CPU.ActiveCfg = Debug|Any CPU
		{F4343398-A59F-46F2-8675-7275966EA8D1}.QA|Any CPU.Build.0 = Debug|Any CPU
		{F4343398-A59F-46F2-8675-7275966EA8D1}.Release|Any CPU.ActiveCfg = Release|Any CPU
		{F4343398-A59F-46F2-8675-7275966EA8D1}.Release|Any CPU.Build.0 = Release|Any CPU
		{F4343398-A59F-46F2-8675-7275966EA8D1}.STG|Any CPU.ActiveCfg = Debug|Any CPU
		{F4343398-A59F-46F2-8675-7275966EA8D1}.STG|Any CPU.Build.0 = Debug|Any CPU
		{16C51D63-9943-4F7B-8DC7-EEEBAD84918B}.Debug|Any CPU.ActiveCfg = Debug|Any CPU
		{16C51D63-9943-4F7B-8DC7-EEEBAD84918B}.Debug|Any CPU.Build.0 = Debug|Any CPU
		{16C51D63-9943-4F7B-8DC7-EEEBAD84918B}.Development|Any CPU.ActiveCfg = Debug|Any CPU
		{16C51D63-9943-4F7B-8DC7-EEEBAD84918B}.Development|Any CPU.Build.0 = Debug|Any CPU
		{16C51D63-9943-4F7B-8DC7-EEEBAD84918B}.QA|Any CPU.ActiveCfg = Debug|Any CPU
		{16C51D63-9943-4F7B-8DC7-EEEBAD84918B}.QA|Any CPU.Build.0 = Debug|Any CPU
		{16C51D63-9943-4F7B-8DC7-EEEBAD84918B}.Release|Any CPU.ActiveCfg = Release|Any CPU
		{16C51D63-9943-4F7B-8DC7-EEEBAD84918B}.Release|Any CPU.Build.0 = Release|Any CPU
		{16C51D63-9943-4F7B-8DC7-EEEBAD84918B}.STG|Any CPU.ActiveCfg = Debug|Any CPU
		{16C51D63-9943-4F7B-8DC7-EEEBAD84918B}.STG|Any CPU.Build.0 = Debug|Any CPU
		{7671E1F3-7B5E-40EF-9698-D53C69F30497}.Debug|Any CPU.ActiveCfg = Debug|Any CPU
		{7671E1F3-7B5E-40EF-9698-D53C69F30497}.Debug|Any CPU.Build.0 = Debug|Any CPU
		{7671E1F3-7B5E-40EF-9698-D53C69F30497}.Development|Any CPU.ActiveCfg = Debug|Any CPU
		{7671E1F3-7B5E-40EF-9698-D53C69F30497}.Development|Any CPU.Build.0 = Debug|Any CPU
		{7671E1F3-7B5E-40EF-9698-D53C69F30497}.QA|Any CPU.ActiveCfg = Debug|Any CPU
		{7671E1F3-7B5E-40EF-9698-D53C69F30497}.QA|Any CPU.Build.0 = Debug|Any CPU
		{7671E1F3-7B5E-40EF-9698-D53C69F30497}.Release|Any CPU.ActiveCfg = Release|Any CPU
		{7671E1F3-7B5E-40EF-9698-D53C69F30497}.Release|Any CPU.Build.0 = Release|Any CPU
		{7671E1F3-7B5E-40EF-9698-D53C69F30497}.STG|Any CPU.ActiveCfg = Debug|Any CPU
		{7671E1F3-7B5E-40EF-9698-D53C69F30497}.STG|Any CPU.Build.0 = Debug|Any CPU
		{EA969372-4C31-4F70-A228-3579BACD9324}.Debug|Any CPU.ActiveCfg = Debug|Any CPU
		{EA969372-4C31-4F70-A228-3579BACD9324}.Debug|Any CPU.Build.0 = Debug|Any CPU
		{EA969372-4C31-4F70-A228-3579BACD9324}.Development|Any CPU.ActiveCfg = Debug|Any CPU
		{EA969372-4C31-4F70-A228-3579BACD9324}.Development|Any CPU.Build.0 = Debug|Any CPU
		{EA969372-4C31-4F70-A228-3579BACD9324}.QA|Any CPU.ActiveCfg = Debug|Any CPU
		{EA969372-4C31-4F70-A228-3579BACD9324}.QA|Any CPU.Build.0 = Debug|Any CPU
		{EA969372-4C31-4F70-A228-3579BACD9324}.Release|Any CPU.ActiveCfg = Release|Any CPU
		{EA969372-4C31-4F70-A228-3579BACD9324}.Release|Any CPU.Build.0 = Release|Any CPU
		{EA969372-4C31-4F70-A228-3579BACD9324}.STG|Any CPU.ActiveCfg = Debug|Any CPU
		{EA969372-4C31-4F70-A228-3579BACD9324}.STG|Any CPU.Build.0 = Debug|Any CPU
		{5F2A3AEB-6D8B-4EE7-ABBD-BB6BE59070BF}.Debug|Any CPU.ActiveCfg = Debug|Any CPU
		{5F2A3AEB-6D8B-4EE7-ABBD-BB6BE59070BF}.Debug|Any CPU.Build.0 = Debug|Any CPU
		{5F2A3AEB-6D8B-4EE7-ABBD-BB6BE59070BF}.Development|Any CPU.ActiveCfg = Debug|Any CPU
		{5F2A3AEB-6D8B-4EE7-ABBD-BB6BE59070BF}.Development|Any CPU.Build.0 = Debug|Any CPU
		{5F2A3AEB-6D8B-4EE7-ABBD-BB6BE59070BF}.QA|Any CPU.ActiveCfg = Debug|Any CPU
		{5F2A3AEB-6D8B-4EE7-ABBD-BB6BE59070BF}.QA|Any CPU.Build.0 = Debug|Any CPU
		{5F2A3AEB-6D8B-4EE7-ABBD-BB6BE59070BF}.Release|Any CPU.ActiveCfg = Release|Any CPU
		{5F2A3AEB-6D8B-4EE7-ABBD-BB6BE59070BF}.Release|Any CPU.Build.0 = Release|Any CPU
		{5F2A3AEB-6D8B-4EE7-ABBD-BB6BE59070BF}.STG|Any CPU.ActiveCfg = Debug|Any CPU
		{5F2A3AEB-6D8B-4EE7-ABBD-BB6BE59070BF}.STG|Any CPU.Build.0 = Debug|Any CPU
		{56411A72-FD96-4EF3-905D-A5D5F63EA75C}.Debug|Any CPU.ActiveCfg = Debug|Any CPU
		{56411A72-FD96-4EF3-905D-A5D5F63EA75C}.Debug|Any CPU.Build.0 = Debug|Any CPU
		{56411A72-FD96-4EF3-905D-A5D5F63EA75C}.Development|Any CPU.ActiveCfg = Debug|Any CPU
		{56411A72-FD96-4EF3-905D-A5D5F63EA75C}.Development|Any CPU.Build.0 = Debug|Any CPU
		{56411A72-FD96-4EF3-905D-A5D5F63EA75C}.QA|Any CPU.ActiveCfg = Debug|Any CPU
		{56411A72-FD96-4EF3-905D-A5D5F63EA75C}.QA|Any CPU.Build.0 = Debug|Any CPU
		{56411A72-FD96-4EF3-905D-A5D5F63EA75C}.Release|Any CPU.ActiveCfg = Release|Any CPU
		{56411A72-FD96-4EF3-905D-A5D5F63EA75C}.Release|Any CPU.Build.0 = Release|Any CPU
		{56411A72-FD96-4EF3-905D-A5D5F63EA75C}.STG|Any CPU.ActiveCfg = Debug|Any CPU
		{56411A72-FD96-4EF3-905D-A5D5F63EA75C}.STG|Any CPU.Build.0 = Debug|Any CPU
	EndGlobalSection
	GlobalSection(SolutionProperties) = preSolution
		HideSolutionNode = FALSE
	EndGlobalSection
	GlobalSection(ExtensibilityGlobals) = postSolution
		SolutionGuid = {E60E844C-E8BB-400B-A2E6-997AE8CA38CD}
	EndGlobalSection
EndGlobal
